
Microsoft Visual Studio Solution File, Format Version 12.00
# Visual Studio 15
VisualStudioVersion = 15.0.28010.2019
MinimumVisualStudioVersion = 10.0.40219.1
Project("{FAE04EC0-301F-11D3-BF4B-00C04F79EFBC}") = "Spiral with Options", "Spiral with Options\Spiral with Options.csproj", "{F1B7B199-7C73-403F-AA2A-D866EAB0500D}"
EndProject
Global
	GlobalSection(SolutionConfigurationPlatforms) = preSolution
		Debug|Any CPU = Debug|Any CPU
		Release|Any CPU = Release|Any CPU
	EndGlobalSection
	GlobalSection(ProjectConfigurationPlatforms) = postSolution
		{F1B7B199-7C73-403F-AA2A-D866EAB0500D}.Debug|Any CPU.ActiveCfg = Debug|Any CPU
		{F1B7B199-7C73-403F-AA2A-D866EAB0500D}.Debug|Any CPU.Build.0 = Debug|Any CPU
		{F1B7B199-7C73-403F-AA2A-D866EAB0500D}.Release|Any CPU.ActiveCfg = Release|Any CPU
		{F1B7B199-7C73-403F-AA2A-D866EAB0500D}.Release|Any CPU.Build.0 = Release|Any CPU
	EndGlobalSection
	GlobalSection(SolutionProperties) = preSolution
		HideSolutionNode = FALSE
	EndGlobalSection
	GlobalSection(ExtensibilityGlobals) = postSolution
		SolutionGuid = {C7D7BB9D-C2A5-40D6-AB62-B6ED9EAD71DE}
	EndGlobalSection
EndGlobal
